
Microsoft Visual Studio Solution File, Format Version 12.00
# Visual Studio Version 17
VisualStudioVersion = 17.11.35431.28
MinimumVisualStudioVersion = 10.0.40219.1
Project("{FAE04EC0-301F-11D3-BF4B-00C04F79EFBC}") = "FirstProject", "FirstProject\FirstProject.csproj", "{EAE1187F-D242-4819-A0F1-2CEB9D7297E0}"
EndProject
Global
	GlobalSection(SolutionConfigurationPlatforms) = preSolution
		Debug|Any CPU = Debug|Any CPU
		Release|Any CPU = Release|Any CPU
	EndGlobalSection
	GlobalSection(ProjectConfigurationPlatforms) = postSolution
		{EAE1187F-D242-4819-A0F1-2CEB9D7297E0}.Debug|Any CPU.ActiveCfg = Debug|Any CPU
		{EAE1187F-D242-4819-A0F1-2CEB9D7297E0}.Debug|Any CPU.Build.0 = Debug|Any CPU
		{EAE1187F-D242-4819-A0F1-2CEB9D7297E0}.Release|Any CPU.ActiveCfg = Release|Any CPU
		{EAE1187F-D242-4819-A0F1-2CEB9D7297E0}.Release|Any CPU.Build.0 = Release|Any CPU
	EndGlobalSection
	GlobalSection(SolutionProperties) = preSolution
		HideSolutionNode = FALSE
	EndGlobalSection
	GlobalSection(ExtensibilityGlobals) = postSolution
		SolutionGuid = {05FE938A-F923-4E69-84CD-1CEE2D90E978}
	EndGlobalSection
EndGlobal
